
Microsoft Visual Studio Solution File, Format Version 12.00
# Visual Studio Version 16
VisualStudioVersion = 16.0.29503.13
MinimumVisualStudioVersion = 10.0.40219.1
Project("{FAE04EC0-301F-11D3-BF4B-00C04F79EFBC}") = "Loan Calculator", "Loan Calculator\Loan Calculator.csproj", "{C08F3835-C0E3-4ECD-AE62-7507E447F21D}"
EndProject
Global
	GlobalSection(SolutionConfigurationPlatforms) = preSolution
		Debug|Any CPU = Debug|Any CPU
		Release|Any CPU = Release|Any CPU
	EndGlobalSection
	GlobalSection(ProjectConfigurationPlatforms) = postSolution
		{C08F3835-C0E3-4ECD-AE62-7507E447F21D}.Debug|Any CPU.ActiveCfg = Debug|Any CPU
		{C08F3835-C0E3-4ECD-AE62-7507E447F21D}.Debug|Any CPU.Build.0 = Debug|Any CPU
		{C08F3835-C0E3-4ECD-AE62-7507E447F21D}.Release|Any CPU.ActiveCfg = Release|Any CPU
		{C08F3835-C0E3-4ECD-AE62-7507E447F21D}.Release|Any CPU.Build.0 = Release|Any CPU
	EndGlobalSection
	GlobalSection(SolutionProperties) = preSolution
		HideSolutionNode = FALSE
	EndGlobalSection
	GlobalSection(ExtensibilityGlobals) = postSolution
		SolutionGuid = {C62F2D14-DF23-4BE0-91DE-B39E2798815D}
	EndGlobalSection
EndGlobal
